
Microsoft Visual Studio Solution File, Format Version 12.00
# Visual Studio Version 16
VisualStudioVersion = 25.0.1704.5
MinimumVisualStudioVersion = 10.0.40219.1
Project("{FAE04EC0-301F-11D3-BF4B-00C04F79EFBC}") = "emonopoly", "emonopoly\emonopoly.csproj", "{E3E72346-2D77-40C5-A462-DEFBD6E8DAE1}"
EndProject
Global
	GlobalSection(SolutionConfigurationPlatforms) = preSolution
		Debug|Any CPU = Debug|Any CPU
		Release|Any CPU = Release|Any CPU
	EndGlobalSection
	GlobalSection(ProjectConfigurationPlatforms) = postSolution
		{E3E72346-2D77-40C5-A462-DEFBD6E8DAE1}.Debug|Any CPU.ActiveCfg = Debug|Any CPU
		{E3E72346-2D77-40C5-A462-DEFBD6E8DAE1}.Debug|Any CPU.Build.0 = Debug|Any CPU
		{E3E72346-2D77-40C5-A462-DEFBD6E8DAE1}.Release|Any CPU.ActiveCfg = Release|Any CPU
		{E3E72346-2D77-40C5-A462-DEFBD6E8DAE1}.Release|Any CPU.Build.0 = Release|Any CPU
	EndGlobalSection
	GlobalSection(SolutionProperties) = preSolution
		HideSolutionNode = FALSE
	EndGlobalSection
	GlobalSection(ExtensibilityGlobals) = postSolution
		SolutionGuid = {1F1A68A0-E216-4078-BE5F-F22F19BB643E}
	EndGlobalSection
EndGlobal
